{
  "pins" : [
    {
      "identity" : "mispeechkit_4ios",
      "kind" : "remoteSourceControl",
      "location" : "https://github.com/mediainterface/mispeechkit_4ios",
      "state" : {
        "revision" : "831653054dc8b892d644068657e5f67d3b2851d2",
        "version" : "1.3.0"
      }
    }
  ],
  "version" : 2
}
