{
  "pins" : [
    {
      "identity" : "mispeechkit_4ios",
      "kind" : "remoteSourceControl",
      "location" : "https://github.com/mediainterface/mispeechkit_4ios",
      "state" : {
        "revision" : "335cd28ce93a0a50cae956d44f178e541b5e5aff",
        "version" : "1.0.0"
      }
    }
  ],
  "version" : 2
}
