{
  "originHash" : "a21490a5548878659fd62e112daa0c3f05c477e03a8f9b900d4960ed9fbb1b45",
  "pins" : [
    {
      "identity" : "keychain-swift",
      "kind" : "remoteSourceControl",
      "location" : "https://github.com/evgenyneu/keychain-swift",
      "state" : {
        "branch" : "master",
        "revision" : "c1fde55798b164cad44b5e23cfa2f0f1ebcd76af"
      }
    },
    {
      "identity" : "mispeechkit_4ios",
      "kind" : "remoteSourceControl",
      "location" : "https://github.com/mediainterface/mispeechkit_4ios",
      "state" : {
        "revision" : "091f295d2fa8f97e660c2c0c70c039b78319c381",
        "version" : "2.0.1"
      }
    }
  ],
  "version" : 3
}
