// !$*UTF8*$!
{
	archiveVersion = 1;
	classes = {
	};
	objectVersion = 55;
	objects = {

/* Begin PBXBuildFile section */
		A717823728915E9D003DA957 /* RecognitionCore.swift in Sources */ = {isa = PBXBuildFile; fileRef = A717823628915E9D003DA957 /* RecognitionCore.swift */; };
		A71782392891757B003DA957 /* RecordButton.swift in Sources */ = {isa = PBXBuildFile; fileRef = A71782382891757B003DA957 /* RecordButton.swift */; };
		A717823B28917631003DA957 /* OptionsButton.swift in Sources */ = {isa = PBXBuildFile; fileRef = A717823A28917631003DA957 /* OptionsButton.swift */; };
		A717823D28917706003DA957 /* OptionsView.swift in Sources */ = {isa = PBXBuildFile; fileRef = A717823C28917706003DA957 /* OptionsView.swift */; };
		A717823F289184B9003DA957 /* Configuration.swift in Sources */ = {isa = PBXBuildFile; fileRef = A717823E289184B9003DA957 /* Configuration.swift */; };
		A717824A2897D198003DA957 /* miSpeechKit in Frameworks */ = {isa = PBXBuildFile; productRef = A71782492897D198003DA957 /* miSpeechKit */; };
		A730A29E289135BC00049F4E /* DemoApp.swift in Sources */ = {isa = PBXBuildFile; fileRef = A730A29D289135BC00049F4E /* DemoApp.swift */; };
		A730A2A0289135BC00049F4E /* ContentView.swift in Sources */ = {isa = PBXBuildFile; fileRef = A730A29F289135BC00049F4E /* ContentView.swift */; };
		A730A2A2289135BD00049F4E /* Assets.xcassets in Resources */ = {isa = PBXBuildFile; fileRef = A730A2A1289135BD00049F4E /* Assets.xcassets */; };
		A730A2A5289135BD00049F4E /* Preview Assets.xcassets in Resources */ = {isa = PBXBuildFile; fileRef = A730A2A4289135BD00049F4E /* Preview Assets.xcassets */; };
		A730A2B0289155AC00049F4E /* ScrollableText.swift in Sources */ = {isa = PBXBuildFile; fileRef = A730A2AF289155AC00049F4E /* ScrollableText.swift */; };
		A730A2B2289158C600049F4E /* ConnectionStateLabel.swift in Sources */ = {isa = PBXBuildFile; fileRef = A730A2B1289158C600049F4E /* ConnectionStateLabel.swift */; };
/* End PBXBuildFile section */

/* Begin PBXCopyFilesBuildPhase section */
		A717823528915E4A003DA957 /* Embed Frameworks */ = {
			isa = PBXCopyFilesBuildPhase;
			buildActionMask = 2147483647;
			dstPath = "";
			dstSubfolderSpec = 10;
			files = (
			);
			name = "Embed Frameworks";
			runOnlyForDeploymentPostprocessing = 0;
		};
/* End PBXCopyFilesBuildPhase section */

/* Begin PBXFileReference section */
		A717823628915E9D003DA957 /* RecognitionCore.swift */ = {isa = PBXFileReference; lastKnownFileType = sourcecode.swift; path = RecognitionCore.swift; sourceTree = "<group>"; };
		A71782382891757B003DA957 /* RecordButton.swift */ = {isa = PBXFileReference; lastKnownFileType = sourcecode.swift; path = RecordButton.swift; sourceTree = "<group>"; };
		A717823A28917631003DA957 /* OptionsButton.swift */ = {isa = PBXFileReference; lastKnownFileType = sourcecode.swift; path = OptionsButton.swift; sourceTree = "<group>"; };
		A717823C28917706003DA957 /* OptionsView.swift */ = {isa = PBXFileReference; lastKnownFileType = sourcecode.swift; path = OptionsView.swift; sourceTree = "<group>"; };
		A717823E289184B9003DA957 /* Configuration.swift */ = {isa = PBXFileReference; lastKnownFileType = sourcecode.swift; path = Configuration.swift; sourceTree = "<group>"; };
		A730A29A289135BC00049F4E /* Demo.app */ = {isa = PBXFileReference; explicitFileType = wrapper.application; includeInIndex = 0; path = Demo.app; sourceTree = BUILT_PRODUCTS_DIR; };
		A730A29D289135BC00049F4E /* DemoApp.swift */ = {isa = PBXFileReference; lastKnownFileType = sourcecode.swift; path = DemoApp.swift; sourceTree = "<group>"; };
		A730A29F289135BC00049F4E /* ContentView.swift */ = {isa = PBXFileReference; lastKnownFileType = sourcecode.swift; path = ContentView.swift; sourceTree = "<group>"; };
		A730A2A1289135BD00049F4E /* Assets.xcassets */ = {isa = PBXFileReference; lastKnownFileType = folder.assetcatalog; path = Assets.xcassets; sourceTree = "<group>"; };
		A730A2A4289135BD00049F4E /* Preview Assets.xcassets */ = {isa = PBXFileReference; lastKnownFileType = folder.assetcatalog; path = "Preview Assets.xcassets"; sourceTree = "<group>"; };
		A730A2AF289155AC00049F4E /* ScrollableText.swift */ = {isa = PBXFileReference; lastKnownFileType = sourcecode.swift; path = ScrollableText.swift; sourceTree = "<group>"; };
		A730A2B1289158C600049F4E /* ConnectionStateLabel.swift */ = {isa = PBXFileReference; lastKnownFileType = sourcecode.swift; path = ConnectionStateLabel.swift; sourceTree = "<group>"; };
/* End PBXFileReference section */

/* Begin PBXFrameworksBuildPhase section */
		A730A297289135BC00049F4E /* Frameworks */ = {
			isa = PBXFrameworksBuildPhase;
			buildActionMask = 2147483647;
			files = (
				A717824A2897D198003DA957 /* miSpeechKit in Frameworks */,
			);
			runOnlyForDeploymentPostprocessing = 0;
		};
/* End PBXFrameworksBuildPhase section */

/* Begin PBXGroup section */
		A71782412893F5EB003DA957 /* Packages */ = {
			isa = PBXGroup;
			children = (
			);
			name = Packages;
			sourceTree = "<group>";
		};
		A71782432893FB8F003DA957 /* Frameworks */ = {
			isa = PBXGroup;
			children = (
			);
			name = Frameworks;
			sourceTree = "<group>";
		};
		A730A291289135BC00049F4E = {
			isa = PBXGroup;
			children = (
				A71782412893F5EB003DA957 /* Packages */,
				A730A29C289135BC00049F4E /* Demo */,
				A730A29B289135BC00049F4E /* Products */,
				A71782432893FB8F003DA957 /* Frameworks */,
			);
			sourceTree = "<group>";
		};
		A730A29B289135BC00049F4E /* Products */ = {
			isa = PBXGroup;
			children = (
				A730A29A289135BC00049F4E /* Demo.app */,
			);
			name = Products;
			sourceTree = "<group>";
		};
		A730A29C289135BC00049F4E /* Demo */ = {
			isa = PBXGroup;
			children = (
				A730A2AE2891556D00049F4E /* components */,
				A730A29D289135BC00049F4E /* DemoApp.swift */,
				A730A29F289135BC00049F4E /* ContentView.swift */,
				A717823C28917706003DA957 /* OptionsView.swift */,
				A730A2A1289135BD00049F4E /* Assets.xcassets */,
				A730A2A3289135BD00049F4E /* Preview Content */,
				A717823628915E9D003DA957 /* RecognitionCore.swift */,
				A717823E289184B9003DA957 /* Configuration.swift */,
			);
			path = Demo;
			sourceTree = "<group>";
		};
		A730A2A3289135BD00049F4E /* Preview Content */ = {
			isa = PBXGroup;
			children = (
				A730A2A4289135BD00049F4E /* Preview Assets.xcassets */,
			);
			path = "Preview Content";
			sourceTree = "<group>";
		};
		A730A2AE2891556D00049F4E /* components */ = {
			isa = PBXGroup;
			children = (
				A730A2AF289155AC00049F4E /* ScrollableText.swift */,
				A730A2B1289158C600049F4E /* ConnectionStateLabel.swift */,
				A71782382891757B003DA957 /* RecordButton.swift */,
				A717823A28917631003DA957 /* OptionsButton.swift */,
			);
			path = components;
			sourceTree = "<group>";
		};
/* End PBXGroup section */

/* Begin PBXNativeTarget section */
		A730A299289135BC00049F4E /* Demo */ = {
			isa = PBXNativeTarget;
			buildConfigurationList = A730A2A8289135BD00049F4E /* Build configuration list for PBXNativeTarget "Demo" */;
			buildPhases = (
				A730A296289135BC00049F4E /* Sources */,
				A730A297289135BC00049F4E /* Frameworks */,
				A730A298289135BC00049F4E /* Resources */,
				A717823528915E4A003DA957 /* Embed Frameworks */,
			);
			buildRules = (
			);
			dependencies = (
			);
			name = Demo;
			packageProductDependencies = (
				A71782492897D198003DA957 /* miSpeechKit */,
			);
			productName = demoapp;
			productReference = A730A29A289135BC00049F4E /* Demo.app */;
			productType = "com.apple.product-type.application";
		};
/* End PBXNativeTarget section */

/* Begin PBXProject section */
		A730A292289135BC00049F4E /* Project object */ = {
			isa = PBXProject;
			attributes = {
				BuildIndependentTargetsInParallel = 1;
				LastSwiftUpdateCheck = 1340;
				LastUpgradeCheck = 1340;
				TargetAttributes = {
					A730A299289135BC00049F4E = {
						CreatedOnToolsVersion = 13.4.1;
					};
				};
			};
			buildConfigurationList = A730A295289135BC00049F4E /* Build configuration list for PBXProject "Demo" */;
			compatibilityVersion = "Xcode 13.0";
			developmentRegion = en;
			hasScannedForEncodings = 0;
			knownRegions = (
				en,
				Base,
			);
			mainGroup = A730A291289135BC00049F4E;
			packageReferences = (
				A7178246289402B4003DA957 /* XCRemoteSwiftPackageReference "mispeechkit_4ios" */,
			);
			productRefGroup = A730A29B289135BC00049F4E /* Products */;
			projectDirPath = "";
			projectRoot = "";
			targets = (
				A730A299289135BC00049F4E /* Demo */,
			);
		};
/* End PBXProject section */

/* Begin PBXResourcesBuildPhase section */
		A730A298289135BC00049F4E /* Resources */ = {
			isa = PBXResourcesBuildPhase;
			buildActionMask = 2147483647;
			files = (
				A730A2A5289135BD00049F4E /* Preview Assets.xcassets in Resources */,
				A730A2A2289135BD00049F4E /* Assets.xcassets in Resources */,
			);
			runOnlyForDeploymentPostprocessing = 0;
		};
/* End PBXResourcesBuildPhase section */

/* Begin PBXSourcesBuildPhase section */
		A730A296289135BC00049F4E /* Sources */ = {
			isa = PBXSourcesBuildPhase;
			buildActionMask = 2147483647;
			files = (
				A730A2A0289135BC00049F4E /* ContentView.swift in Sources */,
				A717823728915E9D003DA957 /* RecognitionCore.swift in Sources */,
				A71782392891757B003DA957 /* RecordButton.swift in Sources */,
				A717823F289184B9003DA957 /* Configuration.swift in Sources */,
				A717823D28917706003DA957 /* OptionsView.swift in Sources */,
				A730A2B2289158C600049F4E /* ConnectionStateLabel.swift in Sources */,
				A730A29E289135BC00049F4E /* DemoApp.swift in Sources */,
				A730A2B0289155AC00049F4E /* ScrollableText.swift in Sources */,
				A717823B28917631003DA957 /* OptionsButton.swift in Sources */,
			);
			runOnlyForDeploymentPostprocessing = 0;
		};
/* End PBXSourcesBuildPhase section */

/* Begin XCBuildConfiguration section */
		A730A2A6289135BD00049F4E /* Debug */ = {
			isa = XCBuildConfiguration;
			buildSettings = {
				ALWAYS_SEARCH_USER_PATHS = NO;
				CLANG_ANALYZER_NONNULL = YES;
				CLANG_ANALYZER_NUMBER_OBJECT_CONVERSION = YES_AGGRESSIVE;
				CLANG_CXX_LANGUAGE_STANDARD = "gnu++17";
				CLANG_ENABLE_MODULES = YES;
				CLANG_ENABLE_OBJC_ARC = YES;
				CLANG_ENABLE_OBJC_WEAK = YES;
				CLANG_WARN_BLOCK_CAPTURE_AUTORELEASING = YES;
				CLANG_WARN_BOOL_CONVERSION = YES;
				CLANG_WARN_COMMA = YES;
				CLANG_WARN_CONSTANT_CONVERSION = YES;
				CLANG_WARN_DEPRECATED_OBJC_IMPLEMENTATIONS = YES;
				CLANG_WARN_DIRECT_OBJC_ISA_USAGE = YES_ERROR;
				CLANG_WARN_DOCUMENTATION_COMMENTS = YES;
				CLANG_WARN_EMPTY_BODY = YES;
				CLANG_WARN_ENUM_CONVERSION = YES;
				CLANG_WARN_INFINITE_RECURSION = YES;
				CLANG_WARN_INT_CONVERSION = YES;
				CLANG_WARN_NON_LITERAL_NULL_CONVERSION = YES;
				CLANG_WARN_OBJC_IMPLICIT_RETAIN_SELF = YES;
				CLANG_WARN_OBJC_LITERAL_CONVERSION = YES;
				CLANG_WARN_OBJC_ROOT_CLASS = YES_ERROR;
				CLANG_WARN_QUOTED_INCLUDE_IN_FRAMEWORK_HEADER = YES;
				CLANG_WARN_RANGE_LOOP_ANALYSIS = YES;
				CLANG_WARN_STRICT_PROTOTYPES = YES;
				CLANG_WARN_SUSPICIOUS_MOVE = YES;
				CLANG_WARN_UNGUARDED_AVAILABILITY = YES_AGGRESSIVE;
				CLANG_WARN_UNREACHABLE_CODE = YES;
				CLANG_WARN__DUPLICATE_METHOD_MATCH = YES;
				COPY_PHASE_STRIP = NO;
				DEBUG_INFORMATION_FORMAT = dwarf;
				ENABLE_STRICT_OBJC_MSGSEND = YES;
				ENABLE_TESTABILITY = YES;
				GCC_C_LANGUAGE_STANDARD = gnu11;
				GCC_DYNAMIC_NO_PIC = NO;
				GCC_NO_COMMON_BLOCKS = YES;
				GCC_OPTIMIZATION_LEVEL = 0;
				GCC_PREPROCESSOR_DEFINITIONS = (
					"DEBUG=1",
					"$(inherited)",
				);
				GCC_WARN_64_TO_32_BIT_CONVERSION = YES;
				GCC_WARN_ABOUT_RETURN_TYPE = YES_ERROR;
				GCC_WARN_UNDECLARED_SELECTOR = YES;
				GCC_WARN_UNINITIALIZED_AUTOS = YES_AGGRESSIVE;
				GCC_WARN_UNUSED_FUNCTION = YES;
				GCC_WARN_UNUSED_VARIABLE = YES;
				IPHONEOS_DEPLOYMENT_TARGET = 15.5;
				MTL_ENABLE_DEBUG_INFO = INCLUDE_SOURCE;
				MTL_FAST_MATH = YES;
				ONLY_ACTIVE_ARCH = YES;
				SDKROOT = iphoneos;
				SWIFT_ACTIVE_COMPILATION_CONDITIONS = DEBUG;
				SWIFT_OPTIMIZATION_LEVEL = "-Onone";
			};
			name = Debug;
		};
		A730A2A7289135BD00049F4E /* Release */ = {
			isa = XCBuildConfiguration;
			buildSettings = {
				ALWAYS_SEARCH_USER_PATHS = NO;
				CLANG_ANALYZER_NONNULL = YES;
				CLANG_ANALYZER_NUMBER_OBJECT_CONVERSION = YES_AGGRESSIVE;
				CLANG_CXX_LANGUAGE_STANDARD = "gnu++17";
				CLANG_ENABLE_MODULES = YES;
				CLANG_ENABLE_OBJC_ARC = YES;
				CLANG_ENABLE_OBJC_WEAK = YES;
				CLANG_WARN_BLOCK_CAPTURE_AUTORELEASING = YES;
				CLANG_WARN_BOOL_CONVERSION = YES;
				CLANG_WARN_COMMA = YES;
				CLANG_WARN_CONSTANT_CONVERSION = YES;
				CLANG_WARN_DEPRECATED_OBJC_IMPLEMENTATIONS = YES;
				CLANG_WARN_DIRECT_OBJC_ISA_USAGE = YES_ERROR;
				CLANG_WARN_DOCUMENTATION_COMMENTS = YES;
				CLANG_WARN_EMPTY_BODY = YES;
				CLANG_WARN_ENUM_CONVERSION = YES;
				CLANG_WARN_INFINITE_RECURSION = YES;
				CLANG_WARN_INT_CONVERSION = YES;
				CLANG_WARN_NON_LITERAL_NULL_CONVERSION = YES;
				CLANG_WARN_OBJC_IMPLICIT_RETAIN_SELF = YES;
				CLANG_WARN_OBJC_LITERAL_CONVERSION = YES;
				CLANG_WARN_OBJC_ROOT_CLASS = YES_ERROR;
				CLANG_WARN_QUOTED_INCLUDE_IN_FRAMEWORK_HEADER = YES;
				CLANG_WARN_RANGE_LOOP_ANALYSIS = YES;
				CLANG_WARN_STRICT_PROTOTYPES = YES;
				CLANG_WARN_SUSPICIOUS_MOVE = YES;
				CLANG_WARN_UNGUARDED_AVAILABILITY = YES_AGGRESSIVE;
				CLANG_WARN_UNREACHABLE_CODE = YES;
				CLANG_WARN__DUPLICATE_METHOD_MATCH = YES;
				COPY_PHASE_STRIP = NO;
				DEBUG_INFORMATION_FORMAT = "dwarf-with-dsym";
				ENABLE_NS_ASSERTIONS = NO;
				ENABLE_STRICT_OBJC_MSGSEND = YES;
				GCC_C_LANGUAGE_STANDARD = gnu11;
				GCC_NO_COMMON_BLOCKS = YES;
				GCC_WARN_64_TO_32_BIT_CONVERSION = YES;
				GCC_WARN_ABOUT_RETURN_TYPE = YES_ERROR;
				GCC_WARN_UNDECLARED_SELECTOR = YES;
				GCC_WARN_UNINITIALIZED_AUTOS = YES_AGGRESSIVE;
				GCC_WARN_UNUSED_FUNCTION = YES;
				GCC_WARN_UNUSED_VARIABLE = YES;
				IPHONEOS_DEPLOYMENT_TARGET = 15.5;
				MTL_ENABLE_DEBUG_INFO = NO;
				MTL_FAST_MATH = YES;
				SDKROOT = iphoneos;
				SWIFT_COMPILATION_MODE = wholemodule;
				SWIFT_OPTIMIZATION_LEVEL = "-O";
				VALIDATE_PRODUCT = YES;
			};
			name = Release;
		};
		A730A2A9289135BD00049F4E /* Debug */ = {
			isa = XCBuildConfiguration;
			buildSettings = {
				ASSETCATALOG_COMPILER_APPICON_NAME = AppIcon;
				ASSETCATALOG_COMPILER_GLOBAL_ACCENT_COLOR_NAME = AccentColor;
				CODE_SIGN_STYLE = Automatic;
				CURRENT_PROJECT_VERSION = 1;
				DEVELOPMENT_ASSET_PATHS = "\"Demo/Preview Content\"";
				DEVELOPMENT_TEAM = A36H26323W;
				ENABLE_PREVIEWS = YES;
				GENERATE_INFOPLIST_FILE = YES;
				INFOPLIST_KEY_NSMicrophoneUsageDescription = Spracherkennung;
				INFOPLIST_KEY_UIApplicationSceneManifest_Generation = YES;
				INFOPLIST_KEY_UIApplicationSupportsIndirectInputEvents = YES;
				INFOPLIST_KEY_UILaunchScreen_Generation = YES;
				INFOPLIST_KEY_UISupportedInterfaceOrientations_iPad = "UIInterfaceOrientationPortrait UIInterfaceOrientationPortraitUpsideDown UIInterfaceOrientationLandscapeLeft UIInterfaceOrientationLandscapeRight";
				INFOPLIST_KEY_UISupportedInterfaceOrientations_iPhone = "UIInterfaceOrientationPortrait UIInterfaceOrientationLandscapeLeft UIInterfaceOrientationLandscapeRight";
				LD_RUNPATH_SEARCH_PATHS = (
					"$(inherited)",
					"@executable_path/Frameworks",
				);
				MARKETING_VERSION = 1.0;
				PRODUCT_BUNDLE_IDENTIFIER = de.mediainterface.demoapp;
				PRODUCT_NAME = "$(TARGET_NAME)";
				SWIFT_EMIT_LOC_STRINGS = YES;
				SWIFT_VERSION = 5.0;
				TARGETED_DEVICE_FAMILY = "1,2";
			};
			name = Debug;
		};
		A730A2AA289135BD00049F4E /* Release */ = {
			isa = XCBuildConfiguration;
			buildSettings = {
				ASSETCATALOG_COMPILER_APPICON_NAME = AppIcon;
				ASSETCATALOG_COMPILER_GLOBAL_ACCENT_COLOR_NAME = AccentColor;
				CODE_SIGN_STYLE = Automatic;
				CURRENT_PROJECT_VERSION = 1;
				DEVELOPMENT_ASSET_PATHS = "\"Demo/Preview Content\"";
				DEVELOPMENT_TEAM = A36H26323W;
				ENABLE_PREVIEWS = YES;
				GENERATE_INFOPLIST_FILE = YES;
				INFOPLIST_KEY_NSMicrophoneUsageDescription = Spracherkennung;
				INFOPLIST_KEY_UIApplicationSceneManifest_Generation = YES;
				INFOPLIST_KEY_UIApplicationSupportsIndirectInputEvents = YES;
				INFOPLIST_KEY_UILaunchScreen_Generation = YES;
				INFOPLIST_KEY_UISupportedInterfaceOrientations_iPad = "UIInterfaceOrientationPortrait UIInterfaceOrientationPortraitUpsideDown UIInterfaceOrientationLandscapeLeft UIInterfaceOrientationLandscapeRight";
				INFOPLIST_KEY_UISupportedInterfaceOrientations_iPhone = "UIInterfaceOrientationPortrait UIInterfaceOrientationLandscapeLeft UIInterfaceOrientationLandscapeRight";
				LD_RUNPATH_SEARCH_PATHS = (
					"$(inherited)",
					"@executable_path/Frameworks",
				);
				MARKETING_VERSION = 1.0;
				PRODUCT_BUNDLE_IDENTIFIER = de.mediainterface.demoapp;
				PRODUCT_NAME = "$(TARGET_NAME)";
				SWIFT_EMIT_LOC_STRINGS = YES;
				SWIFT_VERSION = 5.0;
				TARGETED_DEVICE_FAMILY = "1,2";
			};
			name = Release;
		};
/* End XCBuildConfiguration section */

/* Begin XCConfigurationList section */
		A730A295289135BC00049F4E /* Build configuration list for PBXProject "Demo" */ = {
			isa = XCConfigurationList;
			buildConfigurations = (
				A730A2A6289135BD00049F4E /* Debug */,
				A730A2A7289135BD00049F4E /* Release */,
			);
			defaultConfigurationIsVisible = 0;
			defaultConfigurationName = Release;
		};
		A730A2A8289135BD00049F4E /* Build configuration list for PBXNativeTarget "Demo" */ = {
			isa = XCConfigurationList;
			buildConfigurations = (
				A730A2A9289135BD00049F4E /* Debug */,
				A730A2AA289135BD00049F4E /* Release */,
			);
			defaultConfigurationIsVisible = 0;
			defaultConfigurationName = Release;
		};
/* End XCConfigurationList section */

/* Begin XCRemoteSwiftPackageReference section */
		A7178246289402B4003DA957 /* XCRemoteSwiftPackageReference "mispeechkit_4ios" */ = {
			isa = XCRemoteSwiftPackageReference;
			repositoryURL = "https://github.com/mediainterface/mispeechkit_4ios";
			requirement = {
				kind = upToNextMajorVersion;
				minimumVersion = 1.0.0;
			};
		};
/* End XCRemoteSwiftPackageReference section */

/* Begin XCSwiftPackageProductDependency section */
		A71782492897D198003DA957 /* miSpeechKit */ = {
			isa = XCSwiftPackageProductDependency;
			package = A7178246289402B4003DA957 /* XCRemoteSwiftPackageReference "mispeechkit_4ios" */;
			productName = miSpeechKit;
		};
/* End XCSwiftPackageProductDependency section */
	};
	rootObject = A730A292289135BC00049F4E /* Project object */;
}
